
Microsoft Visual Studio Solution File, Format Version 12.00
# Visual Studio 15
VisualStudioVersion = 15.0.27428.2037
MinimumVisualStudioVersion = 10.0.40219.1
Project("{FAE04EC0-301F-11D3-BF4B-00C04F79EFBC}") = "HelloWorld", "WpfApp1\HelloWorld.csproj", "{8E12A5FE-49B7-4EEF-857D-8EDA72407BF0}"
EndProject
Global
	GlobalSection(SolutionConfigurationPlatforms) = preSolution
		Debug|Any CPU = Debug|Any CPU
		Release|Any CPU = Release|Any CPU
	EndGlobalSection
	GlobalSection(ProjectConfigurationPlatforms) = postSolution
		{8E12A5FE-49B7-4EEF-857D-8EDA72407BF0}.Debug|Any CPU.ActiveCfg = Debug|Any CPU
		{8E12A5FE-49B7-4EEF-857D-8EDA72407BF0}.Debug|Any CPU.Build.0 = Debug|Any CPU
		{8E12A5FE-49B7-4EEF-857D-8EDA72407BF0}.Release|Any CPU.ActiveCfg = Release|Any CPU
		{8E12A5FE-49B7-4EEF-857D-8EDA72407BF0}.Release|Any CPU.Build.0 = Release|Any CPU
	EndGlobalSection
	GlobalSection(SolutionProperties) = preSolution
		HideSolutionNode = FALSE
	EndGlobalSection
	GlobalSection(ExtensibilityGlobals) = postSolution
		SolutionGuid = {B6C57A21-946A-4FEF-B334-AB00C3C79FC1}
	EndGlobalSection
EndGlobal
